
Microsoft Visual Studio Solution File, Format Version 12.00
# Visual Studio Version 17
VisualStudioVersion = 17.0.31903.59
MinimumVisualStudioVersion = 10.0.40219.1
Project("{2150E333-8FDC-42A3-9474-1A3956D46DE8}") = "src", "src", "{E14B408C-BD52-4A3F-9847-4FFE8C55572F}"
EndProject
Project("{FAE04EC0-301F-11D3-BF4B-00C04F79EFBC}") = "DiagnosticExamples", "src\DiagnosticExamples\DiagnosticExamples.csproj", "{EC96E3B6-8CA2-43A6-A592-5B2E82195005}"
EndProject
Global
	GlobalSection(SolutionConfigurationPlatforms) = preSolution
		Debug|Any CPU = Debug|Any CPU
		Release|Any CPU = Release|Any CPU
	EndGlobalSection
	GlobalSection(SolutionProperties) = preSolution
		HideSolutionNode = FALSE
	EndGlobalSection
	GlobalSection(ProjectConfigurationPlatforms) = postSolution
		{EC96E3B6-8CA2-43A6-A592-5B2E82195005}.Debug|Any CPU.ActiveCfg = Debug|Any CPU
		{EC96E3B6-8CA2-43A6-A592-5B2E82195005}.Debug|Any CPU.Build.0 = Debug|Any CPU
		{EC96E3B6-8CA2-43A6-A592-5B2E82195005}.Release|Any CPU.ActiveCfg = Release|Any CPU
		{EC96E3B6-8CA2-43A6-A592-5B2E82195005}.Release|Any CPU.Build.0 = Release|Any CPU
	EndGlobalSection
	GlobalSection(NestedProjects) = preSolution
		{EC96E3B6-8CA2-43A6-A592-5B2E82195005} = {E14B408C-BD52-4A3F-9847-4FFE8C55572F}
	EndGlobalSection
EndGlobal
