
Microsoft Visual Studio Solution File, Format Version 12.00
# Visual Studio Version 17
VisualStudioVersion = 17.0.31903.59
MinimumVisualStudioVersion = 10.0.40219.1
Project("{2150E333-8FDC-42A3-9474-1A3956D46DE8}") = "src", "src", "{431E4EE3-5448-4817-A95A-6E1873C29F59}"
EndProject
Project("{2150E333-8FDC-42A3-9474-1A3956D46DE8}") = "DistributedTracing", "DistributedTracing", "{F06E077D-E1E5-4A2D-93AC-3E265657CAB6}"
EndProject
Project("{FAE04EC0-301F-11D3-BF4B-00C04F79EFBC}") = "OrderService", "src\DistributedTracing\OrderService\OrderService.csproj", "{7C3EE5F6-4727-43A0-B54C-95B947A7F1A4}"
EndProject
Project("{FAE04EC0-301F-11D3-BF4B-00C04F79EFBC}") = "PaymentService", "src\DistributedTracing\PaymentService\PaymentService.csproj", "{83D4DC04-C159-4A42-B70D-411AD404B569}"
EndProject
Project("{FAE04EC0-301F-11D3-BF4B-00C04F79EFBC}") = "NotificationService", "src\DistributedTracing\NotificationService\NotificationService.csproj", "{121ADECF-2594-4141-A905-7F16DCCBE176}"
EndProject
Project("{2150E333-8FDC-42A3-9474-1A3956D46DE8}") = "DiagnosticSource", "DiagnosticSource", "{14D18220-6FBA-4E22-8C34-6EAA5DF97B47}"
EndProject
Project("{FAE04EC0-301F-11D3-BF4B-00C04F79EFBC}") = "DiagnosticExamples", "src\DiagnosticSource\DiagnosticExamples\DiagnosticExamples.csproj", "{2F0E31BC-70A0-4101-A83F-5A74683E1FE4}"
EndProject
Project("{FAE04EC0-301F-11D3-BF4B-00C04F79EFBC}") = "DiagnosticExamples.Library", "src\DiagnosticSource\DiagnosticExamples.Library\DiagnosticExamples.Library.csproj", "{809E9703-4938-4955-8F01-04A356DC877C}"
EndProject
Project("{2150E333-8FDC-42A3-9474-1A3956D46DE8}") = "EventSource", "EventSource", "{6DA000D7-A7DF-437C-8A87-299FFE31AC2D}"
EndProject
Project("{FAE04EC0-301F-11D3-BF4B-00C04F79EFBC}") = "EventExamples", "src\EventSource\EventExamples\EventExamples.csproj", "{59C802A7-C6C9-4348-9364-E7A6F0C7CF51}"
EndProject
Project("{FAE04EC0-301F-11D3-BF4B-00C04F79EFBC}") = "EventExamples.Library", "src\EventSource\EventExamples.Library\EventExamples.Library.csproj", "{F76DC5DD-EE32-40D7-AA67-47A4B96A67D2}"
EndProject
Project("{FAE04EC0-301F-11D3-BF4B-00C04F79EFBC}") = "SampleLoggerProviders", "src\SampleLoggerProviders\SampleLoggerProviders.csproj", "{9D8723B4-7467-4E15-9DF8-23D3604FED8C}"
EndProject
Project("{FAE04EC0-301F-11D3-BF4B-00C04F79EFBC}") = "ServerTest", "src\ServerTest\ServerTest.csproj", "{0B9B0348-E21D-46DC-8EBB-BC67F4EC9BC4}"
EndProject
Global
	GlobalSection(SolutionConfigurationPlatforms) = preSolution
		Debug|Any CPU = Debug|Any CPU
		Release|Any CPU = Release|Any CPU
	EndGlobalSection
	GlobalSection(SolutionProperties) = preSolution
		HideSolutionNode = FALSE
	EndGlobalSection
	GlobalSection(ProjectConfigurationPlatforms) = postSolution
		{7C3EE5F6-4727-43A0-B54C-95B947A7F1A4}.Debug|Any CPU.ActiveCfg = Debug|Any CPU
		{7C3EE5F6-4727-43A0-B54C-95B947A7F1A4}.Debug|Any CPU.Build.0 = Debug|Any CPU
		{7C3EE5F6-4727-43A0-B54C-95B947A7F1A4}.Release|Any CPU.ActiveCfg = Release|Any CPU
		{7C3EE5F6-4727-43A0-B54C-95B947A7F1A4}.Release|Any CPU.Build.0 = Release|Any CPU
		{83D4DC04-C159-4A42-B70D-411AD404B569}.Debug|Any CPU.ActiveCfg = Debug|Any CPU
		{83D4DC04-C159-4A42-B70D-411AD404B569}.Debug|Any CPU.Build.0 = Debug|Any CPU
		{83D4DC04-C159-4A42-B70D-411AD404B569}.Release|Any CPU.ActiveCfg = Release|Any CPU
		{83D4DC04-C159-4A42-B70D-411AD404B569}.Release|Any CPU.Build.0 = Release|Any CPU
		{121ADECF-2594-4141-A905-7F16DCCBE176}.Debug|Any CPU.ActiveCfg = Debug|Any CPU
		{121ADECF-2594-4141-A905-7F16DCCBE176}.Debug|Any CPU.Build.0 = Debug|Any CPU
		{121ADECF-2594-4141-A905-7F16DCCBE176}.Release|Any CPU.ActiveCfg = Release|Any CPU
		{121ADECF-2594-4141-A905-7F16DCCBE176}.Release|Any CPU.Build.0 = Release|Any CPU
		{2F0E31BC-70A0-4101-A83F-5A74683E1FE4}.Debug|Any CPU.ActiveCfg = Debug|Any CPU
		{2F0E31BC-70A0-4101-A83F-5A74683E1FE4}.Debug|Any CPU.Build.0 = Debug|Any CPU
		{2F0E31BC-70A0-4101-A83F-5A74683E1FE4}.Release|Any CPU.ActiveCfg = Release|Any CPU
		{2F0E31BC-70A0-4101-A83F-5A74683E1FE4}.Release|Any CPU.Build.0 = Release|Any CPU
		{809E9703-4938-4955-8F01-04A356DC877C}.Debug|Any CPU.ActiveCfg = Debug|Any CPU
		{809E9703-4938-4955-8F01-04A356DC877C}.Debug|Any CPU.Build.0 = Debug|Any CPU
		{809E9703-4938-4955-8F01-04A356DC877C}.Release|Any CPU.ActiveCfg = Release|Any CPU
		{809E9703-4938-4955-8F01-04A356DC877C}.Release|Any CPU.Build.0 = Release|Any CPU
		{59C802A7-C6C9-4348-9364-E7A6F0C7CF51}.Debug|Any CPU.ActiveCfg = Debug|Any CPU
		{59C802A7-C6C9-4348-9364-E7A6F0C7CF51}.Debug|Any CPU.Build.0 = Debug|Any CPU
		{59C802A7-C6C9-4348-9364-E7A6F0C7CF51}.Release|Any CPU.ActiveCfg = Release|Any CPU
		{59C802A7-C6C9-4348-9364-E7A6F0C7CF51}.Release|Any CPU.Build.0 = Release|Any CPU
		{F76DC5DD-EE32-40D7-AA67-47A4B96A67D2}.Debug|Any CPU.ActiveCfg = Debug|Any CPU
		{F76DC5DD-EE32-40D7-AA67-47A4B96A67D2}.Debug|Any CPU.Build.0 = Debug|Any CPU
		{F76DC5DD-EE32-40D7-AA67-47A4B96A67D2}.Release|Any CPU.ActiveCfg = Release|Any CPU
		{F76DC5DD-EE32-40D7-AA67-47A4B96A67D2}.Release|Any CPU.Build.0 = Release|Any CPU
		{9D8723B4-7467-4E15-9DF8-23D3604FED8C}.Debug|Any CPU.ActiveCfg = Debug|Any CPU
		{9D8723B4-7467-4E15-9DF8-23D3604FED8C}.Debug|Any CPU.Build.0 = Debug|Any CPU
		{9D8723B4-7467-4E15-9DF8-23D3604FED8C}.Release|Any CPU.ActiveCfg = Release|Any CPU
		{9D8723B4-7467-4E15-9DF8-23D3604FED8C}.Release|Any CPU.Build.0 = Release|Any CPU
		{0B9B0348-E21D-46DC-8EBB-BC67F4EC9BC4}.Debug|Any CPU.ActiveCfg = Debug|Any CPU
		{0B9B0348-E21D-46DC-8EBB-BC67F4EC9BC4}.Debug|Any CPU.Build.0 = Debug|Any CPU
		{0B9B0348-E21D-46DC-8EBB-BC67F4EC9BC4}.Release|Any CPU.ActiveCfg = Release|Any CPU
		{0B9B0348-E21D-46DC-8EBB-BC67F4EC9BC4}.Release|Any CPU.Build.0 = Release|Any CPU
	EndGlobalSection
	GlobalSection(NestedProjects) = preSolution
		{F06E077D-E1E5-4A2D-93AC-3E265657CAB6} = {431E4EE3-5448-4817-A95A-6E1873C29F59}
		{7C3EE5F6-4727-43A0-B54C-95B947A7F1A4} = {F06E077D-E1E5-4A2D-93AC-3E265657CAB6}
		{83D4DC04-C159-4A42-B70D-411AD404B569} = {F06E077D-E1E5-4A2D-93AC-3E265657CAB6}
		{121ADECF-2594-4141-A905-7F16DCCBE176} = {F06E077D-E1E5-4A2D-93AC-3E265657CAB6}
		{14D18220-6FBA-4E22-8C34-6EAA5DF97B47} = {431E4EE3-5448-4817-A95A-6E1873C29F59}
		{2F0E31BC-70A0-4101-A83F-5A74683E1FE4} = {14D18220-6FBA-4E22-8C34-6EAA5DF97B47}
		{809E9703-4938-4955-8F01-04A356DC877C} = {14D18220-6FBA-4E22-8C34-6EAA5DF97B47}
		{6DA000D7-A7DF-437C-8A87-299FFE31AC2D} = {431E4EE3-5448-4817-A95A-6E1873C29F59}
		{59C802A7-C6C9-4348-9364-E7A6F0C7CF51} = {6DA000D7-A7DF-437C-8A87-299FFE31AC2D}
		{F76DC5DD-EE32-40D7-AA67-47A4B96A67D2} = {6DA000D7-A7DF-437C-8A87-299FFE31AC2D}
		{9D8723B4-7467-4E15-9DF8-23D3604FED8C} = {431E4EE3-5448-4817-A95A-6E1873C29F59}
		{0B9B0348-E21D-46DC-8EBB-BC67F4EC9BC4} = {431E4EE3-5448-4817-A95A-6E1873C29F59}
	EndGlobalSection
EndGlobal
