
Microsoft Visual Studio Solution File, Format Version 12.00
# Visual Studio Version 17
VisualStudioVersion = 17.0.31903.59
MinimumVisualStudioVersion = 10.0.40219.1
Project("{2150E333-8FDC-42A3-9474-1A3956D46DE8}") = "src", "src", "{E78DB048-2626-4EA5-A09A-4998EE5BADC3}"
EndProject
Project("{2150E333-8FDC-42A3-9474-1A3956D46DE8}") = "DistributedTracing", "DistributedTracing", "{CE87D07B-6478-4763-A7A6-1FB6B1A1C0E8}"
EndProject
Project("{FAE04EC0-301F-11D3-BF4B-00C04F79EFBC}") = "NotificationService", "src\DistributedTracing\NotificationService\NotificationService.csproj", "{1FD5DFE0-9878-4193-A243-10311073FF26}"
EndProject
Project("{FAE04EC0-301F-11D3-BF4B-00C04F79EFBC}") = "OrderService", "src\DistributedTracing\OrderService\OrderService.csproj", "{0EF47237-5D1B-4F0A-AFA2-2E4D955061EE}"
EndProject
Project("{FAE04EC0-301F-11D3-BF4B-00C04F79EFBC}") = "PaymentService", "src\DistributedTracing\PaymentService\PaymentService.csproj", "{D50F942C-3869-48EA-9478-75C7029544C1}"
EndProject
Project("{FAE04EC0-301F-11D3-BF4B-00C04F79EFBC}") = "SampleApplication.Console", "src\DistributedTracing\SampleApplication.Console\SampleApplication.Console.csproj", "{4AA42890-758B-41FF-8FB1-05CCBD1101AF}"
EndProject
Project("{FAE04EC0-301F-11D3-BF4B-00C04F79EFBC}") = "ServerTest", "src\ServerTest\ServerTest.csproj", "{059F2FD4-01BB-4614-8751-1879327021D7}"
EndProject
Project("{2150E333-8FDC-42A3-9474-1A3956D46DE8}") = "DiagnosticSource", "DiagnosticSource", "{450451EA-46CB-4BDF-982D-46C8F7ECBC7E}"
EndProject
Project("{FAE04EC0-301F-11D3-BF4B-00C04F79EFBC}") = "DiagnosticExamples", "src\DiagnosticSource\DiagnosticExamples\DiagnosticExamples.csproj", "{2A727EB8-3B24-45DD-94A5-88F205420EC6}"
EndProject
Project("{FAE04EC0-301F-11D3-BF4B-00C04F79EFBC}") = "DiagnosticExamples.Library", "src\DiagnosticSource\DiagnosticExamples.Library\DiagnosticExamples.Library.csproj", "{C0163A15-BF33-4DB1-BCCD-FC450A1DDBE3}"
EndProject
Project("{2150E333-8FDC-42A3-9474-1A3956D46DE8}") = "EventSource", "EventSource", "{1B043C28-20AD-4131-A33D-318B01E1284A}"
EndProject
Project("{FAE04EC0-301F-11D3-BF4B-00C04F79EFBC}") = "EventExamples", "src\EventSource\EventExamples\EventExamples.csproj", "{8EAEC62F-7D65-4121-B1D7-5A89D7A91713}"
EndProject
Project("{FAE04EC0-301F-11D3-BF4B-00C04F79EFBC}") = "EventExamples.Library", "src\EventSource\EventExamples.Library\EventExamples.Library.csproj", "{90A8414D-2AC3-4F83-A86B-AD4303D73AE5}"
EndProject
Global
	GlobalSection(SolutionConfigurationPlatforms) = preSolution
		Debug|Any CPU = Debug|Any CPU
		Release|Any CPU = Release|Any CPU
	EndGlobalSection
	GlobalSection(SolutionProperties) = preSolution
		HideSolutionNode = FALSE
	EndGlobalSection
	GlobalSection(ProjectConfigurationPlatforms) = postSolution
		{1FD5DFE0-9878-4193-A243-10311073FF26}.Debug|Any CPU.ActiveCfg = Debug|Any CPU
		{1FD5DFE0-9878-4193-A243-10311073FF26}.Debug|Any CPU.Build.0 = Debug|Any CPU
		{1FD5DFE0-9878-4193-A243-10311073FF26}.Release|Any CPU.ActiveCfg = Release|Any CPU
		{1FD5DFE0-9878-4193-A243-10311073FF26}.Release|Any CPU.Build.0 = Release|Any CPU
		{0EF47237-5D1B-4F0A-AFA2-2E4D955061EE}.Debug|Any CPU.ActiveCfg = Debug|Any CPU
		{0EF47237-5D1B-4F0A-AFA2-2E4D955061EE}.Debug|Any CPU.Build.0 = Debug|Any CPU
		{0EF47237-5D1B-4F0A-AFA2-2E4D955061EE}.Release|Any CPU.ActiveCfg = Release|Any CPU
		{0EF47237-5D1B-4F0A-AFA2-2E4D955061EE}.Release|Any CPU.Build.0 = Release|Any CPU
		{D50F942C-3869-48EA-9478-75C7029544C1}.Debug|Any CPU.ActiveCfg = Debug|Any CPU
		{D50F942C-3869-48EA-9478-75C7029544C1}.Debug|Any CPU.Build.0 = Debug|Any CPU
		{D50F942C-3869-48EA-9478-75C7029544C1}.Release|Any CPU.ActiveCfg = Release|Any CPU
		{D50F942C-3869-48EA-9478-75C7029544C1}.Release|Any CPU.Build.0 = Release|Any CPU
		{4AA42890-758B-41FF-8FB1-05CCBD1101AF}.Debug|Any CPU.ActiveCfg = Debug|Any CPU
		{4AA42890-758B-41FF-8FB1-05CCBD1101AF}.Debug|Any CPU.Build.0 = Debug|Any CPU
		{4AA42890-758B-41FF-8FB1-05CCBD1101AF}.Release|Any CPU.ActiveCfg = Release|Any CPU
		{4AA42890-758B-41FF-8FB1-05CCBD1101AF}.Release|Any CPU.Build.0 = Release|Any CPU
		{059F2FD4-01BB-4614-8751-1879327021D7}.Debug|Any CPU.ActiveCfg = Debug|Any CPU
		{059F2FD4-01BB-4614-8751-1879327021D7}.Debug|Any CPU.Build.0 = Debug|Any CPU
		{059F2FD4-01BB-4614-8751-1879327021D7}.Release|Any CPU.ActiveCfg = Release|Any CPU
		{059F2FD4-01BB-4614-8751-1879327021D7}.Release|Any CPU.Build.0 = Release|Any CPU
		{2A727EB8-3B24-45DD-94A5-88F205420EC6}.Debug|Any CPU.ActiveCfg = Debug|Any CPU
		{2A727EB8-3B24-45DD-94A5-88F205420EC6}.Debug|Any CPU.Build.0 = Debug|Any CPU
		{2A727EB8-3B24-45DD-94A5-88F205420EC6}.Release|Any CPU.ActiveCfg = Release|Any CPU
		{2A727EB8-3B24-45DD-94A5-88F205420EC6}.Release|Any CPU.Build.0 = Release|Any CPU
		{C0163A15-BF33-4DB1-BCCD-FC450A1DDBE3}.Debug|Any CPU.ActiveCfg = Debug|Any CPU
		{C0163A15-BF33-4DB1-BCCD-FC450A1DDBE3}.Debug|Any CPU.Build.0 = Debug|Any CPU
		{C0163A15-BF33-4DB1-BCCD-FC450A1DDBE3}.Release|Any CPU.ActiveCfg = Release|Any CPU
		{C0163A15-BF33-4DB1-BCCD-FC450A1DDBE3}.Release|Any CPU.Build.0 = Release|Any CPU
		{8EAEC62F-7D65-4121-B1D7-5A89D7A91713}.Debug|Any CPU.ActiveCfg = Debug|Any CPU
		{8EAEC62F-7D65-4121-B1D7-5A89D7A91713}.Debug|Any CPU.Build.0 = Debug|Any CPU
		{8EAEC62F-7D65-4121-B1D7-5A89D7A91713}.Release|Any CPU.ActiveCfg = Release|Any CPU
		{8EAEC62F-7D65-4121-B1D7-5A89D7A91713}.Release|Any CPU.Build.0 = Release|Any CPU
		{90A8414D-2AC3-4F83-A86B-AD4303D73AE5}.Debug|Any CPU.ActiveCfg = Debug|Any CPU
		{90A8414D-2AC3-4F83-A86B-AD4303D73AE5}.Debug|Any CPU.Build.0 = Debug|Any CPU
		{90A8414D-2AC3-4F83-A86B-AD4303D73AE5}.Release|Any CPU.ActiveCfg = Release|Any CPU
		{90A8414D-2AC3-4F83-A86B-AD4303D73AE5}.Release|Any CPU.Build.0 = Release|Any CPU
	EndGlobalSection
	GlobalSection(NestedProjects) = preSolution
		{CE87D07B-6478-4763-A7A6-1FB6B1A1C0E8} = {E78DB048-2626-4EA5-A09A-4998EE5BADC3}
		{1FD5DFE0-9878-4193-A243-10311073FF26} = {CE87D07B-6478-4763-A7A6-1FB6B1A1C0E8}
		{0EF47237-5D1B-4F0A-AFA2-2E4D955061EE} = {CE87D07B-6478-4763-A7A6-1FB6B1A1C0E8}
		{D50F942C-3869-48EA-9478-75C7029544C1} = {CE87D07B-6478-4763-A7A6-1FB6B1A1C0E8}
		{4AA42890-758B-41FF-8FB1-05CCBD1101AF} = {CE87D07B-6478-4763-A7A6-1FB6B1A1C0E8}
		{059F2FD4-01BB-4614-8751-1879327021D7} = {E78DB048-2626-4EA5-A09A-4998EE5BADC3}
		{450451EA-46CB-4BDF-982D-46C8F7ECBC7E} = {E78DB048-2626-4EA5-A09A-4998EE5BADC3}
		{2A727EB8-3B24-45DD-94A5-88F205420EC6} = {450451EA-46CB-4BDF-982D-46C8F7ECBC7E}
		{C0163A15-BF33-4DB1-BCCD-FC450A1DDBE3} = {450451EA-46CB-4BDF-982D-46C8F7ECBC7E}
		{1B043C28-20AD-4131-A33D-318B01E1284A} = {E78DB048-2626-4EA5-A09A-4998EE5BADC3}
		{8EAEC62F-7D65-4121-B1D7-5A89D7A91713} = {1B043C28-20AD-4131-A33D-318B01E1284A}
		{90A8414D-2AC3-4F83-A86B-AD4303D73AE5} = {1B043C28-20AD-4131-A33D-318B01E1284A}
	EndGlobalSection
EndGlobal
